// !$*UTF8*$!
{
	archiveVersion = 1;
	classes = {
	};
	objectVersion = 50;
	objects = {

/* Begin PBXBuildFile section */
		4476CB8825AA5A8F00740E87 /* Grid.swift in Sources */ = {isa = PBXBuildFile; fileRef = 4476CB8725AA5A8F00740E87 /* Grid.swift */; };
		4476CB8A25AA5D5000740E87 /* GridLayout.swift in Sources */ = {isa = PBXBuildFile; fileRef = 4476CB8925AA5D5000740E87 /* GridLayout.swift */; };
		4476CB8C25AA7B9B00740E87 /* ArrayExtensions.swift in Sources */ = {isa = PBXBuildFile; fileRef = 4476CB8B25AA7B9B00740E87 /* ArrayExtensions.swift */; };
		83502580257758E2003F3493 /* AppDelegate.swift in Sources */ = {isa = PBXBuildFile; fileRef = 8350257F257758E2003F3493 /* AppDelegate.swift */; };
		83502582257758E2003F3493 /* SceneDelegate.swift in Sources */ = {isa = PBXBuildFile; fileRef = 83502581257758E2003F3493 /* SceneDelegate.swift */; };
		83502584257758E2003F3493 /* EmojiMemoryGameView.swift in Sources */ = {isa = PBXBuildFile; fileRef = 83502583257758E2003F3493 /* EmojiMemoryGameView.swift */; };
		83502586257758E8003F3493 /* Assets.xcassets in Resources */ = {isa = PBXBuildFile; fileRef = 83502585257758E8003F3493 /* Assets.xcassets */; };
		83502589257758E8003F3493 /* Preview Assets.xcassets in Resources */ = {isa = PBXBuildFile; fileRef = 83502588257758E8003F3493 /* Preview Assets.xcassets */; };
		8350258C257758E8003F3493 /* LaunchScreen.storyboard in Resources */ = {isa = PBXBuildFile; fileRef = 8350258A257758E8003F3493 /* LaunchScreen.storyboard */; };
		83502597257758E9003F3493 /* MemorizeTests.swift in Sources */ = {isa = PBXBuildFile; fileRef = 83502596257758E9003F3493 /* MemorizeTests.swift */; };
		835025A2257758E9003F3493 /* MemorizeUITests.swift in Sources */ = {isa = PBXBuildFile; fileRef = 835025A1257758E9003F3493 /* MemorizeUITests.swift */; };
		835025B025776495003F3493 /* MemoryGame.swift in Sources */ = {isa = PBXBuildFile; fileRef = 835025AF25776495003F3493 /* MemoryGame.swift */; };
		835025B22577660F003F3493 /* EmojiMemoryGame.swift in Sources */ = {isa = PBXBuildFile; fileRef = 835025B12577660F003F3493 /* EmojiMemoryGame.swift */; };
/* End PBXBuildFile section */

/* Begin PBXContainerItemProxy section */
		83502593257758E8003F3493 /* PBXContainerItemProxy */ = {
			isa = PBXContainerItemProxy;
			containerPortal = 83502574257758E2003F3493 /* Project object */;
			proxyType = 1;
			remoteGlobalIDString = 8350257B257758E2003F3493;
			remoteInfo = Memorize;
		};
		8350259E257758E9003F3493 /* PBXContainerItemProxy */ = {
			isa = PBXContainerItemProxy;
			containerPortal = 83502574257758E2003F3493 /* Project object */;
			proxyType = 1;
			remoteGlobalIDString = 8350257B257758E2003F3493;
			remoteInfo = Memorize;
		};
/* End PBXContainerItemProxy section */

/* Begin PBXFileReference section */
		4476CB8725AA5A8F00740E87 /* Grid.swift */ = {isa = PBXFileReference; lastKnownFileType = sourcecode.swift; path = Grid.swift; sourceTree = "<group>"; };
		4476CB8925AA5D5000740E87 /* GridLayout.swift */ = {isa = PBXFileReference; fileEncoding = 4; lastKnownFileType = sourcecode.swift; path = GridLayout.swift; sourceTree = "<group>"; };
		4476CB8B25AA7B9B00740E87 /* ArrayExtensions.swift */ = {isa = PBXFileReference; lastKnownFileType = sourcecode.swift; path = ArrayExtensions.swift; sourceTree = "<group>"; };
		8350257C257758E2003F3493 /* Memorize.app */ = {isa = PBXFileReference; explicitFileType = wrapper.application; includeInIndex = 0; path = Memorize.app; sourceTree = BUILT_PRODUCTS_DIR; };
		8350257F257758E2003F3493 /* AppDelegate.swift */ = {isa = PBXFileReference; lastKnownFileType = sourcecode.swift; path = AppDelegate.swift; sourceTree = "<group>"; };
		83502581257758E2003F3493 /* SceneDelegate.swift */ = {isa = PBXFileReference; lastKnownFileType = sourcecode.swift; path = SceneDelegate.swift; sourceTree = "<group>"; };
		83502583257758E2003F3493 /* EmojiMemoryGameView.swift */ = {isa = PBXFileReference; lastKnownFileType = sourcecode.swift; path = EmojiMemoryGameView.swift; sourceTree = "<group>"; };
		83502585257758E8003F3493 /* Assets.xcassets */ = {isa = PBXFileReference; lastKnownFileType = folder.assetcatalog; path = Assets.xcassets; sourceTree = "<group>"; };
		83502588257758E8003F3493 /* Preview Assets.xcassets */ = {isa = PBXFileReference; lastKnownFileType = folder.assetcatalog; path = "Preview Assets.xcassets"; sourceTree = "<group>"; };
		8350258B257758E8003F3493 /* Base */ = {isa = PBXFileReference; lastKnownFileType = file.storyboard; name = Base; path = Base.lproj/LaunchScreen.storyboard; sourceTree = "<group>"; };
		8350258D257758E8003F3493 /* Info.plist */ = {isa = PBXFileReference; lastKnownFileType = text.plist.xml; path = Info.plist; sourceTree = "<group>"; };
		83502592257758E8003F3493 /* MemorizeTests.xctest */ = {isa = PBXFileReference; explicitFileType = wrapper.cfbundle; includeInIndex = 0; path = MemorizeTests.xctest; sourceTree = BUILT_PRODUCTS_DIR; };
		83502596257758E9003F3493 /* MemorizeTests.swift */ = {isa = PBXFileReference; lastKnownFileType = sourcecode.swift; path = MemorizeTests.swift; sourceTree = "<group>"; };
		83502598257758E9003F3493 /* Info.plist */ = {isa = PBXFileReference; lastKnownFileType = text.plist.xml; path = Info.plist; sourceTree = "<group>"; };
		8350259D257758E9003F3493 /* MemorizeUITests.xctest */ = {isa = PBXFileReference; explicitFileType = wrapper.cfbundle; includeInIndex = 0; path = MemorizeUITests.xctest; sourceTree = BUILT_PRODUCTS_DIR; };
		835025A1257758E9003F3493 /* MemorizeUITests.swift */ = {isa = PBXFileReference; lastKnownFileType = sourcecode.swift; path = MemorizeUITests.swift; sourceTree = "<group>"; };
		835025A3257758E9003F3493 /* Info.plist */ = {isa = PBXFileReference; lastKnownFileType = text.plist.xml; path = Info.plist; sourceTree = "<group>"; };
		835025AF25776495003F3493 /* MemoryGame.swift */ = {isa = PBXFileReference; lastKnownFileType = sourcecode.swift; path = MemoryGame.swift; sourceTree = "<group>"; };
		835025B12577660F003F3493 /* EmojiMemoryGame.swift */ = {isa = PBXFileReference; lastKnownFileType = sourcecode.swift; path = EmojiMemoryGame.swift; sourceTree = "<group>"; };
/* End PBXFileReference section */

/* Begin PBXFrameworksBuildPhase section */
		83502579257758E2003F3493 /* Frameworks */ = {
			isa = PBXFrameworksBuildPhase;
			buildActionMask = 2147483647;
			files = (
			);
			runOnlyForDeploymentPostprocessing = 0;
		};
		8350258F257758E8003F3493 /* Frameworks */ = {
			isa = PBXFrameworksBuildPhase;
			buildActionMask = 2147483647;
			files = (
			);
			runOnlyForDeploymentPostprocessing = 0;
		};
		8350259A257758E9003F3493 /* Frameworks */ = {
			isa = PBXFrameworksBuildPhase;
			buildActionMask = 2147483647;
			files = (
			);
			runOnlyForDeploymentPostprocessing = 0;
		};
/* End PBXFrameworksBuildPhase section */

/* Begin PBXGroup section */
		83502573257758E2003F3493 = {
			isa = PBXGroup;
			children = (
				8350257E257758E2003F3493 /* Memorize */,
				83502595257758E9003F3493 /* MemorizeTests */,
				835025A0257758E9003F3493 /* MemorizeUITests */,
				8350257D257758E2003F3493 /* Products */,
			);
			sourceTree = "<group>";
		};
		8350257D257758E2003F3493 /* Products */ = {
			isa = PBXGroup;
			children = (
				8350257C257758E2003F3493 /* Memorize.app */,
				83502592257758E8003F3493 /* MemorizeTests.xctest */,
				8350259D257758E9003F3493 /* MemorizeUITests.xctest */,
			);
			name = Products;
			sourceTree = "<group>";
		};
		8350257E257758E2003F3493 /* Memorize */ = {
			isa = PBXGroup;
			children = (
				8350257F257758E2003F3493 /* AppDelegate.swift */,
				83502581257758E2003F3493 /* SceneDelegate.swift */,
				83502583257758E2003F3493 /* EmojiMemoryGameView.swift */,
				4476CB8725AA5A8F00740E87 /* Grid.swift */,
				835025AF25776495003F3493 /* MemoryGame.swift */,
				835025B12577660F003F3493 /* EmojiMemoryGame.swift */,
				4476CB8925AA5D5000740E87 /* GridLayout.swift */,
				83502585257758E8003F3493 /* Assets.xcassets */,
				8350258A257758E8003F3493 /* LaunchScreen.storyboard */,
				8350258D257758E8003F3493 /* Info.plist */,
				83502587257758E8003F3493 /* Preview Content */,
				4476CB8B25AA7B9B00740E87 /* ArrayExtensions.swift */,
			);
			path = Memorize;
			sourceTree = "<group>";
		};
		83502587257758E8003F3493 /* Preview Content */ = {
			isa = PBXGroup;
			children = (
				83502588257758E8003F3493 /* Preview Assets.xcassets */,
			);
			path = "Preview Content";
			sourceTree = "<group>";
		};
		83502595257758E9003F3493 /* MemorizeTests */ = {
			isa = PBXGroup;
			children = (
				83502596257758E9003F3493 /* MemorizeTests.swift */,
				83502598257758E9003F3493 /* Info.plist */,
			);
			path = MemorizeTests;
			sourceTree = "<group>";
		};
		835025A0257758E9003F3493 /* MemorizeUITests */ = {
			isa = PBXGroup;
			children = (
				835025A1257758E9003F3493 /* MemorizeUITests.swift */,
				835025A3257758E9003F3493 /* Info.plist */,
			);
			path = MemorizeUITests;
			sourceTree = "<group>";
		};
/* End PBXGroup section */

/* Begin PBXNativeTarget section */
		8350257B257758E2003F3493 /* Memorize */ = {
			isa = PBXNativeTarget;
			buildConfigurationList = 835025A6257758E9003F3493 /* Build configuration list for PBXNativeTarget "Memorize" */;
			buildPhases = (
				83502578257758E2003F3493 /* Sources */,
				83502579257758E2003F3493 /* Frameworks */,
				8350257A257758E2003F3493 /* Resources */,
			);
			buildRules = (
			);
			dependencies = (
			);
			name = Memorize;
			productName = Memorize;
			productReference = 8350257C257758E2003F3493 /* Memorize.app */;
			productType = "com.apple.product-type.application";
		};
		83502591257758E8003F3493 /* MemorizeTests */ = {
			isa = PBXNativeTarget;
			buildConfigurationList = 835025A9257758E9003F3493 /* Build configuration list for PBXNativeTarget "MemorizeTests" */;
			buildPhases = (
				8350258E257758E8003F3493 /* Sources */,
				8350258F257758E8003F3493 /* Frameworks */,
				83502590257758E8003F3493 /* Resources */,
			);
			buildRules = (
			);
			dependencies = (
				83502594257758E8003F3493 /* PBXTargetDependency */,
			);
			name = MemorizeTests;
			productName = MemorizeTests;
			productReference = 83502592257758E8003F3493 /* MemorizeTests.xctest */;
			productType = "com.apple.product-type.bundle.unit-test";
		};
		8350259C257758E9003F3493 /* MemorizeUITests */ = {
			isa = PBXNativeTarget;
			buildConfigurationList = 835025AC257758E9003F3493 /* Build configuration list for PBXNativeTarget "MemorizeUITests" */;
			buildPhases = (
				83502599257758E9003F3493 /* Sources */,
				8350259A257758E9003F3493 /* Frameworks */,
				8350259B257758E9003F3493 /* Resources */,
			);
			buildRules = (
			);
			dependencies = (
				8350259F257758E9003F3493 /* PBXTargetDependency */,
			);
			name = MemorizeUITests;
			productName = MemorizeUITests;
			productReference = 8350259D257758E9003F3493 /* MemorizeUITests.xctest */;
			productType = "com.apple.product-type.bundle.ui-testing";
		};
/* End PBXNativeTarget section */

/* Begin PBXProject section */
		83502574257758E2003F3493 /* Project object */ = {
			isa = PBXProject;
			attributes = {
				LastSwiftUpdateCheck = 1150;
				LastUpgradeCheck = 1150;
				ORGANIZATIONNAME = Cognitev;
				TargetAttributes = {
					8350257B257758E2003F3493 = {
						CreatedOnToolsVersion = 11.5;
					};
					83502591257758E8003F3493 = {
						CreatedOnToolsVersion = 11.5;
						TestTargetID = 8350257B257758E2003F3493;
					};
					8350259C257758E9003F3493 = {
						CreatedOnToolsVersion = 11.5;
						TestTargetID = 8350257B257758E2003F3493;
					};
				};
			};
			buildConfigurationList = 83502577257758E2003F3493 /* Build configuration list for PBXProject "Memorize" */;
			compatibilityVersion = "Xcode 9.3";
			developmentRegion = en;
			hasScannedForEncodings = 0;
			knownRegions = (
				en,
				Base,
			);
			mainGroup = 83502573257758E2003F3493;
			productRefGroup = 8350257D257758E2003F3493 /* Products */;
			projectDirPath = "";
			projectRoot = "";
			targets = (
				8350257B257758E2003F3493 /* Memorize */,
				83502591257758E8003F3493 /* MemorizeTests */,
				8350259C257758E9003F3493 /* MemorizeUITests */,
			);
		};
/* End PBXProject section */

/* Begin PBXResourcesBuildPhase section */
		8350257A257758E2003F3493 /* Resources */ = {
			isa = PBXResourcesBuildPhase;
			buildActionMask = 2147483647;
			files = (
				8350258C257758E8003F3493 /* LaunchScreen.storyboard in Resources */,
				83502589257758E8003F3493 /* Preview Assets.xcassets in Resources */,
				83502586257758E8003F3493 /* Assets.xcassets in Resources */,
			);
			runOnlyForDeploymentPostprocessing = 0;
		};
		83502590257758E8003F3493 /* Resources */ = {
			isa = PBXResourcesBuildPhase;
			buildActionMask = 2147483647;
			files = (
			);
			runOnlyForDeploymentPostprocessing = 0;
		};
		8350259B257758E9003F3493 /* Resources */ = {
			isa = PBXResourcesBuildPhase;
			buildActionMask = 2147483647;
			files = (
			);
			runOnlyForDeploymentPostprocessing = 0;
		};
/* End PBXResourcesBuildPhase section */

/* Begin PBXSourcesBuildPhase section */
		83502578257758E2003F3493 /* Sources */ = {
			isa = PBXSourcesBuildPhase;
			buildActionMask = 2147483647;
			files = (
				83502580257758E2003F3493 /* AppDelegate.swift in Sources */,
				83502582257758E2003F3493 /* SceneDelegate.swift in Sources */,
				835025B025776495003F3493 /* MemoryGame.swift in Sources */,
				83502584257758E2003F3493 /* EmojiMemoryGameView.swift in Sources */,
				835025B22577660F003F3493 /* EmojiMemoryGame.swift in Sources */,
				4476CB8A25AA5D5000740E87 /* GridLayout.swift in Sources */,
				4476CB8825AA5A8F00740E87 /* Grid.swift in Sources */,
				4476CB8C25AA7B9B00740E87 /* ArrayExtensions.swift in Sources */,
			);
			runOnlyForDeploymentPostprocessing = 0;
		};
		8350258E257758E8003F3493 /* Sources */ = {
			isa = PBXSourcesBuildPhase;
			buildActionMask = 2147483647;
			files = (
				83502597257758E9003F3493 /* MemorizeTests.swift in Sources */,
			);
			runOnlyForDeploymentPostprocessing = 0;
		};
		83502599257758E9003F3493 /* Sources */ = {
			isa = PBXSourcesBuildPhase;
			buildActionMask = 2147483647;
			files = (
				835025A2257758E9003F3493 /* MemorizeUITests.swift in Sources */,
			);
			runOnlyForDeploymentPostprocessing = 0;
		};
/* End PBXSourcesBuildPhase section */

/* Begin PBXTargetDependency section */
		83502594257758E8003F3493 /* PBXTargetDependency */ = {
			isa = PBXTargetDependency;
			target = 8350257B257758E2003F3493 /* Memorize */;
			targetProxy = 83502593257758E8003F3493 /* PBXContainerItemProxy */;
		};
		8350259F257758E9003F3493 /* PBXTargetDependency */ = {
			isa = PBXTargetDependency;
			target = 8350257B257758E2003F3493 /* Memorize */;
			targetProxy = 8350259E257758E9003F3493 /* PBXContainerItemProxy */;
		};
/* End PBXTargetDependency section */

/* Begin PBXVariantGroup section */
		8350258A257758E8003F3493 /* LaunchScreen.storyboard */ = {
			isa = PBXVariantGroup;
			children = (
				8350258B257758E8003F3493 /* Base */,
			);
			name = LaunchScreen.storyboard;
			sourceTree = "<group>";
		};
/* End PBXVariantGroup section */

/* Begin XCBuildConfiguration section */
		835025A4257758E9003F3493 /* Debug */ = {
			isa = XCBuildConfiguration;
			buildSettings = {
				ALWAYS_SEARCH_USER_PATHS = NO;
				CLANG_ANALYZER_NONNULL = YES;
				CLANG_ANALYZER_NUMBER_OBJECT_CONVERSION = YES_AGGRESSIVE;
				CLANG_CXX_LANGUAGE_STANDARD = "gnu++14";
				CLANG_CXX_LIBRARY = "libc++";
				CLANG_ENABLE_MODULES = YES;
				CLANG_ENABLE_OBJC_ARC = YES;
				CLANG_ENABLE_OBJC_WEAK = YES;
				CLANG_WARN_BLOCK_CAPTURE_AUTORELEASING = YES;
				CLANG_WARN_BOOL_CONVERSION = YES;
				CLANG_WARN_COMMA = YES;
				CLANG_WARN_CONSTANT_CONVERSION = YES;
				CLANG_WARN_DEPRECATED_OBJC_IMPLEMENTATIONS = YES;
				CLANG_WARN_DIRECT_OBJC_ISA_USAGE = YES_ERROR;
				CLANG_WARN_DOCUMENTATION_COMMENTS = YES;
				CLANG_WARN_EMPTY_BODY = YES;
				CLANG_WARN_ENUM_CONVERSION = YES;
				CLANG_WARN_INFINITE_RECURSION = YES;
				CLANG_WARN_INT_CONVERSION = YES;
				CLANG_WARN_NON_LITERAL_NULL_CONVERSION = YES;
				CLANG_WARN_OBJC_IMPLICIT_RETAIN_SELF = YES;
				CLANG_WARN_OBJC_LITERAL_CONVERSION = YES;
				CLANG_WARN_OBJC_ROOT_CLASS = YES_ERROR;
				CLANG_WARN_RANGE_LOOP_ANALYSIS = YES;
				CLANG_WARN_STRICT_PROTOTYPES = YES;
				CLANG_WARN_SUSPICIOUS_MOVE = YES;
				CLANG_WARN_UNGUARDED_AVAILABILITY = YES_AGGRESSIVE;
				CLANG_WARN_UNREACHABLE_CODE = YES;
				CLANG_WARN__DUPLICATE_METHOD_MATCH = YES;
				COPY_PHASE_STRIP = NO;
				DEBUG_INFORMATION_FORMAT = dwarf;
				ENABLE_STRICT_OBJC_MSGSEND = YES;
				ENABLE_TESTABILITY = YES;
				GCC_C_LANGUAGE_STANDARD = gnu11;
				GCC_DYNAMIC_NO_PIC = NO;
				GCC_NO_COMMON_BLOCKS = YES;
				GCC_OPTIMIZATION_LEVEL = 0;
				GCC_PREPROCESSOR_DEFINITIONS = (
					"DEBUG=1",
					"$(inherited)",
				);
				GCC_WARN_64_TO_32_BIT_CONVERSION = YES;
				GCC_WARN_ABOUT_RETURN_TYPE = YES_ERROR;
				GCC_WARN_UNDECLARED_SELECTOR = YES;
				GCC_WARN_UNINITIALIZED_AUTOS = YES_AGGRESSIVE;
				GCC_WARN_UNUSED_FUNCTION = YES;
				GCC_WARN_UNUSED_VARIABLE = YES;
				IPHONEOS_DEPLOYMENT_TARGET = 13.5;
				MTL_ENABLE_DEBUG_INFO = INCLUDE_SOURCE;
				MTL_FAST_MATH = YES;
				ONLY_ACTIVE_ARCH = YES;
				SDKROOT = iphoneos;
				SWIFT_ACTIVE_COMPILATION_CONDITIONS = DEBUG;
				SWIFT_OPTIMIZATION_LEVEL = "-Onone";
			};
			name = Debug;
		};
		835025A5257758E9003F3493 /* Release */ = {
			isa = XCBuildConfiguration;
			buildSettings = {
				ALWAYS_SEARCH_USER_PATHS = NO;
				CLANG_ANALYZER_NONNULL = YES;
				CLANG_ANALYZER_NUMBER_OBJECT_CONVERSION = YES_AGGRESSIVE;
				CLANG_CXX_LANGUAGE_STANDARD = "gnu++14";
				CLANG_CXX_LIBRARY = "libc++";
				CLANG_ENABLE_MODULES = YES;
				CLANG_ENABLE_OBJC_ARC = YES;
				CLANG_ENABLE_OBJC_WEAK = YES;
				CLANG_WARN_BLOCK_CAPTURE_AUTORELEASING = YES;
				CLANG_WARN_BOOL_CONVERSION = YES;
				CLANG_WARN_COMMA = YES;
				CLANG_WARN_CONSTANT_CONVERSION = YES;
				CLANG_WARN_DEPRECATED_OBJC_IMPLEMENTATIONS = YES;
				CLANG_WARN_DIRECT_OBJC_ISA_USAGE = YES_ERROR;
				CLANG_WARN_DOCUMENTATION_COMMENTS = YES;
				CLANG_WARN_EMPTY_BODY = YES;
				CLANG_WARN_ENUM_CONVERSION = YES;
				CLANG_WARN_INFINITE_RECURSION = YES;
				CLANG_WARN_INT_CONVERSION = YES;
				CLANG_WARN_NON_LITERAL_NULL_CONVERSION = YES;
				CLANG_WARN_OBJC_IMPLICIT_RETAIN_SELF = YES;
				CLANG_WARN_OBJC_LITERAL_CONVERSION = YES;
				CLANG_WARN_OBJC_ROOT_CLASS = YES_ERROR;
				CLANG_WARN_RANGE_LOOP_ANALYSIS = YES;
				CLANG_WARN_STRICT_PROTOTYPES = YES;
				CLANG_WARN_SUSPICIOUS_MOVE = YES;
				CLANG_WARN_UNGUARDED_AVAILABILITY = YES_AGGRESSIVE;
				CLANG_WARN_UNREACHABLE_CODE = YES;
				CLANG_WARN__DUPLICATE_METHOD_MATCH = YES;
				COPY_PHASE_STRIP = NO;
				DEBUG_INFORMATION_FORMAT = "dwarf-with-dsym";
				ENABLE_NS_ASSERTIONS = NO;
				ENABLE_STRICT_OBJC_MSGSEND = YES;
				GCC_C_LANGUAGE_STANDARD = gnu11;
				GCC_NO_COMMON_BLOCKS = YES;
				GCC_WARN_64_TO_32_BIT_CONVERSION = YES;
				GCC_WARN_ABOUT_RETURN_TYPE = YES_ERROR;
				GCC_WARN_UNDECLARED_SELECTOR = YES;
				GCC_WARN_UNINITIALIZED_AUTOS = YES_AGGRESSIVE;
				GCC_WARN_UNUSED_FUNCTION = YES;
				GCC_WARN_UNUSED_VARIABLE = YES;
				IPHONEOS_DEPLOYMENT_TARGET = 13.5;
				MTL_ENABLE_DEBUG_INFO = NO;
				MTL_FAST_MATH = YES;
				SDKROOT = iphoneos;
				SWIFT_COMPILATION_MODE = wholemodule;
				SWIFT_OPTIMIZATION_LEVEL = "-O";
				VALIDATE_PRODUCT = YES;
			};
			name = Release;
		};
		835025A7257758E9003F3493 /* Debug */ = {
			isa = XCBuildConfiguration;
			buildSettings = {
				ASSETCATALOG_COMPILER_APPICON_NAME = AppIcon;
				CODE_SIGN_STYLE = Automatic;
				DEVELOPMENT_ASSET_PATHS = "\"Memorize/Preview Content\"";
				DEVELOPMENT_TEAM = "";
				ENABLE_PREVIEWS = YES;
				INFOPLIST_FILE = Memorize/Info.plist;
				LD_RUNPATH_SEARCH_PATHS = (
					"$(inherited)",
					"@executable_path/Frameworks",
				);
				PRODUCT_BUNDLE_IDENTIFIER = task.Memorize;
				PRODUCT_NAME = "$(TARGET_NAME)";
				SWIFT_VERSION = 5.0;
				TARGETED_DEVICE_FAMILY = "1,2";
			};
			name = Debug;
		};
		835025A8257758E9003F3493 /* Release */ = {
			isa = XCBuildConfiguration;
			buildSettings = {
				ASSETCATALOG_COMPILER_APPICON_NAME = AppIcon;
				CODE_SIGN_STYLE = Automatic;
				DEVELOPMENT_ASSET_PATHS = "\"Memorize/Preview Content\"";
				DEVELOPMENT_TEAM = RT588D5LDJ;
				ENABLE_PREVIEWS = YES;
				INFOPLIST_FILE = Memorize/Info.plist;
				LD_RUNPATH_SEARCH_PATHS = (
					"$(inherited)",
					"@executable_path/Frameworks",
				);
				PRODUCT_BUNDLE_IDENTIFIER = task.Memorize;
				PRODUCT_NAME = "$(TARGET_NAME)";
				SWIFT_VERSION = 5.0;
				TARGETED_DEVICE_FAMILY = "1,2";
			};
			name = Release;
		};
		835025AA257758E9003F3493 /* Debug */ = {
			isa = XCBuildConfiguration;
			buildSettings = {
				ALWAYS_EMBED_SWIFT_STANDARD_LIBRARIES = YES;
				BUNDLE_LOADER = "$(TEST_HOST)";
				CODE_SIGN_STYLE = Automatic;
				DEVELOPMENT_TEAM = RT588D5LDJ;
				INFOPLIST_FILE = MemorizeTests/Info.plist;
				IPHONEOS_DEPLOYMENT_TARGET = 13.5;
				LD_RUNPATH_SEARCH_PATHS = (
					"$(inherited)",
					"@executable_path/Frameworks",
					"@loader_path/Frameworks",
				);
				PRODUCT_BUNDLE_IDENTIFIER = task.MemorizeTests;
				PRODUCT_NAME = "$(TARGET_NAME)";
				SWIFT_VERSION = 5.0;
				TARGETED_DEVICE_FAMILY = "1,2";
				TEST_HOST = "$(BUILT_PRODUCTS_DIR)/Memorize.app/Memorize";
			};
			name = Debug;
		};
		835025AB257758E9003F3493 /* Release */ = {
			isa = XCBuildConfiguration;
			buildSettings = {
				ALWAYS_EMBED_SWIFT_STANDARD_LIBRARIES = YES;
				BUNDLE_LOADER = "$(TEST_HOST)";
				CODE_SIGN_STYLE = Automatic;
				DEVELOPMENT_TEAM = RT588D5LDJ;
				INFOPLIST_FILE = MemorizeTests/Info.plist;
				IPHONEOS_DEPLOYMENT_TARGET = 13.5;
				LD_RUNPATH_SEARCH_PATHS = (
					"$(inherited)",
					"@executable_path/Frameworks",
					"@loader_path/Frameworks",
				);
				PRODUCT_BUNDLE_IDENTIFIER = task.MemorizeTests;
				PRODUCT_NAME = "$(TARGET_NAME)";
				SWIFT_VERSION = 5.0;
				TARGETED_DEVICE_FAMILY = "1,2";
				TEST_HOST = "$(BUILT_PRODUCTS_DIR)/Memorize.app/Memorize";
			};
			name = Release;
		};
		835025AD257758E9003F3493 /* Debug */ = {
			isa = XCBuildConfiguration;
			buildSettings = {
				ALWAYS_EMBED_SWIFT_STANDARD_LIBRARIES = YES;
				CODE_SIGN_STYLE = Automatic;
				DEVELOPMENT_TEAM = RT588D5LDJ;
				INFOPLIST_FILE = MemorizeUITests/Info.plist;
				LD_RUNPATH_SEARCH_PATHS = (
					"$(inherited)",
					"@executable_path/Frameworks",
					"@loader_path/Frameworks",
				);
				PRODUCT_BUNDLE_IDENTIFIER = task.MemorizeUITests;
				PRODUCT_NAME = "$(TARGET_NAME)";
				SWIFT_VERSION = 5.0;
				TARGETED_DEVICE_FAMILY = "1,2";
				TEST_TARGET_NAME = Memorize;
			};
			name = Debug;
		};
		835025AE257758E9003F3493 /* Release */ = {
			isa = XCBuildConfiguration;
			buildSettings = {
				ALWAYS_EMBED_SWIFT_STANDARD_LIBRARIES = YES;
				CODE_SIGN_STYLE = Automatic;
				DEVELOPMENT_TEAM = RT588D5LDJ;
				INFOPLIST_FILE = MemorizeUITests/Info.plist;
				LD_RUNPATH_SEARCH_PATHS = (
					"$(inherited)",
					"@executable_path/Frameworks",
					"@loader_path/Frameworks",
				);
				PRODUCT_BUNDLE_IDENTIFIER = task.MemorizeUITests;
				PRODUCT_NAME = "$(TARGET_NAME)";
				SWIFT_VERSION = 5.0;
				TARGETED_DEVICE_FAMILY = "1,2";
				TEST_TARGET_NAME = Memorize;
			};
			name = Release;
		};
/* End XCBuildConfiguration section */

/* Begin XCConfigurationList section */
		83502577257758E2003F3493 /* Build configuration list for PBXProject "Memorize" */ = {
			isa = XCConfigurationList;
			buildConfigurations = (
				835025A4257758E9003F3493 /* Debug */,
				835025A5257758E9003F3493 /* Release */,
			);
			defaultConfigurationIsVisible = 0;
			defaultConfigurationName = Release;
		};
		835025A6257758E9003F3493 /* Build configuration list for PBXNativeTarget "Memorize" */ = {
			isa = XCConfigurationList;
			buildConfigurations = (
				835025A7257758E9003F3493 /* Debug */,
				835025A8257758E9003F3493 /* Release */,
			);
			defaultConfigurationIsVisible = 0;
			defaultConfigurationName = Release;
		};
		835025A9257758E9003F3493 /* Build configuration list for PBXNativeTarget "MemorizeTests" */ = {
			isa = XCConfigurationList;
			buildConfigurations = (
				835025AA257758E9003F3493 /* Debug */,
				835025AB257758E9003F3493 /* Release */,
			);
			defaultConfigurationIsVisible = 0;
			defaultConfigurationName = Release;
		};
		835025AC257758E9003F3493 /* Build configuration list for PBXNativeTarget "MemorizeUITests" */ = {
			isa = XCConfigurationList;
			buildConfigurations = (
				835025AD257758E9003F3493 /* Debug */,
				835025AE257758E9003F3493 /* Release */,
			);
			defaultConfigurationIsVisible = 0;
			defaultConfigurationName = Release;
		};
/* End XCConfigurationList section */
	};
	rootObject = 83502574257758E2003F3493 /* Project object */;
}
